// !$*UTF8*$!
{
	archiveVersion = 1;
	classes = {
	};
	objectVersion = 50;
	objects = {

/* Begin PBXBuildFile section */
		968301C622AC159500FC8B72 /* ScoreBoardViewController.swift in Sources */ = {isa = PBXBuildFile; fileRef = 968301C522AC159500FC8B72 /* ScoreBoardViewController.swift */; };
		96A621C522AE37FD008EAB59 /* FirstViewController.swift in Sources */ = {isa = PBXBuildFile; fileRef = 96A621C422AE37FD008EAB59 /* FirstViewController.swift */; };
		96F7E34022AA4C5000C6F5A7 /* AppDelegate.swift in Sources */ = {isa = PBXBuildFile; fileRef = 96F7E33F22AA4C5000C6F5A7 /* AppDelegate.swift */; };
		96F7E34222AA4C5000C6F5A7 /* ViewController.swift in Sources */ = {isa = PBXBuildFile; fileRef = 96F7E34122AA4C5000C6F5A7 /* ViewController.swift */; };
		96F7E34522AA4C5000C6F5A7 /* Main.storyboard in Resources */ = {isa = PBXBuildFile; fileRef = 96F7E34322AA4C5000C6F5A7 /* Main.storyboard */; };
		96F7E34722AA4C5100C6F5A7 /* Assets.xcassets in Resources */ = {isa = PBXBuildFile; fileRef = 96F7E34622AA4C5100C6F5A7 /* Assets.xcassets */; };
		96F7E34A22AA4C5100C6F5A7 /* LaunchScreen.storyboard in Resources */ = {isa = PBXBuildFile; fileRef = 96F7E34822AA4C5100C6F5A7 /* LaunchScreen.storyboard */; };
		96F7E35522AA4C5100C6F5A7 /* ProjectNum1Tests.swift in Sources */ = {isa = PBXBuildFile; fileRef = 96F7E35422AA4C5100C6F5A7 /* ProjectNum1Tests.swift */; };
		96F7E36022AA4C5100C6F5A7 /* ProjectNum1UITests.swift in Sources */ = {isa = PBXBuildFile; fileRef = 96F7E35F22AA4C5100C6F5A7 /* ProjectNum1UITests.swift */; };
		96F7E36F22AA4D4600C6F5A7 /* Question.swift in Sources */ = {isa = PBXBuildFile; fileRef = 96F7E36E22AA4D4600C6F5A7 /* Question.swift */; };
		96F7E37122AA4D5700C6F5A7 /* QuestionList.swift in Sources */ = {isa = PBXBuildFile; fileRef = 96F7E37022AA4D5700C6F5A7 /* QuestionList.swift */; };
		96F7E37D22ABA5BC00C6F5A7 /* Player.swift in Sources */ = {isa = PBXBuildFile; fileRef = 96F7E37C22ABA5BC00C6F5A7 /* Player.swift */; };
		96F7E38922ABB5AC00C6F5A7 /* ScoreBoardTableViewCell.swift in Sources */ = {isa = PBXBuildFile; fileRef = 96F7E38822ABB5AC00C6F5A7 /* ScoreBoardTableViewCell.swift */; };
/* End PBXBuildFile section */

/* Begin PBXContainerItemProxy section */
		96F7E35122AA4C5100C6F5A7 /* PBXContainerItemProxy */ = {
			isa = PBXContainerItemProxy;
			containerPortal = 96F7E33422AA4C5000C6F5A7 /* Project object */;
			proxyType = 1;
			remoteGlobalIDString = 96F7E33B22AA4C5000C6F5A7;
			remoteInfo = ProjectNum1;
		};
		96F7E35C22AA4C5100C6F5A7 /* PBXContainerItemProxy */ = {
			isa = PBXContainerItemProxy;
			containerPortal = 96F7E33422AA4C5000C6F5A7 /* Project object */;
			proxyType = 1;
			remoteGlobalIDString = 96F7E33B22AA4C5000C6F5A7;
			remoteInfo = ProjectNum1;
		};
/* End PBXContainerItemProxy section */

/* Begin PBXFileReference section */
		968301C522AC159500FC8B72 /* ScoreBoardViewController.swift */ = {isa = PBXFileReference; lastKnownFileType = sourcecode.swift; path = ScoreBoardViewController.swift; sourceTree = "<group>"; };
		96A621C422AE37FD008EAB59 /* FirstViewController.swift */ = {isa = PBXFileReference; lastKnownFileType = sourcecode.swift; path = FirstViewController.swift; sourceTree = "<group>"; };
		96F7E33C22AA4C5000C6F5A7 /* ProjectNum1.app */ = {isa = PBXFileReference; explicitFileType = wrapper.application; includeInIndex = 0; path = ProjectNum1.app; sourceTree = BUILT_PRODUCTS_DIR; };
		96F7E33F22AA4C5000C6F5A7 /* AppDelegate.swift */ = {isa = PBXFileReference; lastKnownFileType = sourcecode.swift; path = AppDelegate.swift; sourceTree = "<group>"; };
		96F7E34122AA4C5000C6F5A7 /* ViewController.swift */ = {isa = PBXFileReference; lastKnownFileType = sourcecode.swift; path = ViewController.swift; sourceTree = "<group>"; };
		96F7E34422AA4C5000C6F5A7 /* Base */ = {isa = PBXFileReference; lastKnownFileType = file.storyboard; name = Base; path = Base.lproj/Main.storyboard; sourceTree = "<group>"; };
		96F7E34622AA4C5100C6F5A7 /* Assets.xcassets */ = {isa = PBXFileReference; lastKnownFileType = folder.assetcatalog; path = Assets.xcassets; sourceTree = "<group>"; };
		96F7E34922AA4C5100C6F5A7 /* Base */ = {isa = PBXFileReference; lastKnownFileType = file.storyboard; name = Base; path = Base.lproj/LaunchScreen.storyboard; sourceTree = "<group>"; };
		96F7E34B22AA4C5100C6F5A7 /* Info.plist */ = {isa = PBXFileReference; lastKnownFileType = text.plist.xml; path = Info.plist; sourceTree = "<group>"; };
		96F7E35022AA4C5100C6F5A7 /* ProjectNum1Tests.xctest */ = {isa = PBXFileReference; explicitFileType = wrapper.cfbundle; includeInIndex = 0; path = ProjectNum1Tests.xctest; sourceTree = BUILT_PRODUCTS_DIR; };
		96F7E35422AA4C5100C6F5A7 /* ProjectNum1Tests.swift */ = {isa = PBXFileReference; lastKnownFileType = sourcecode.swift; path = ProjectNum1Tests.swift; sourceTree = "<group>"; };
		96F7E35622AA4C5100C6F5A7 /* Info.plist */ = {isa = PBXFileReference; lastKnownFileType = text.plist.xml; path = Info.plist; sourceTree = "<group>"; };
		96F7E35B22AA4C5100C6F5A7 /* ProjectNum1UITests.xctest */ = {isa = PBXFileReference; explicitFileType = wrapper.cfbundle; includeInIndex = 0; path = ProjectNum1UITests.xctest; sourceTree = BUILT_PRODUCTS_DIR; };
		96F7E35F22AA4C5100C6F5A7 /* ProjectNum1UITests.swift */ = {isa = PBXFileReference; lastKnownFileType = sourcecode.swift; path = ProjectNum1UITests.swift; sourceTree = "<group>"; };
		96F7E36122AA4C5100C6F5A7 /* Info.plist */ = {isa = PBXFileReference; lastKnownFileType = text.plist.xml; path = Info.plist; sourceTree = "<group>"; };
		96F7E36E22AA4D4600C6F5A7 /* Question.swift */ = {isa = PBXFileReference; lastKnownFileType = sourcecode.swift; path = Question.swift; sourceTree = "<group>"; };
		96F7E37022AA4D5700C6F5A7 /* QuestionList.swift */ = {isa = PBXFileReference; lastKnownFileType = sourcecode.swift; path = QuestionList.swift; sourceTree = "<group>"; };
		96F7E37C22ABA5BC00C6F5A7 /* Player.swift */ = {isa = PBXFileReference; lastKnownFileType = sourcecode.swift; path = Player.swift; sourceTree = "<group>"; };
		96F7E38822ABB5AC00C6F5A7 /* ScoreBoardTableViewCell.swift */ = {isa = PBXFileReference; lastKnownFileType = sourcecode.swift; path = ScoreBoardTableViewCell.swift; sourceTree = "<group>"; };
/* End PBXFileReference section */

/* Begin PBXFrameworksBuildPhase section */
		96F7E33922AA4C5000C6F5A7 /* Frameworks */ = {
			isa = PBXFrameworksBuildPhase;
			buildActionMask = 2147483647;
			files = (
			);
			runOnlyForDeploymentPostprocessing = 0;
		};
		96F7E34D22AA4C5100C6F5A7 /* Frameworks */ = {
			isa = PBXFrameworksBuildPhase;
			buildActionMask = 2147483647;
			files = (
			);
			runOnlyForDeploymentPostprocessing = 0;
		};
		96F7E35822AA4C5100C6F5A7 /* Frameworks */ = {
			isa = PBXFrameworksBuildPhase;
			buildActionMask = 2147483647;
			files = (
			);
			runOnlyForDeploymentPostprocessing = 0;
		};
/* End PBXFrameworksBuildPhase section */

/* Begin PBXGroup section */
		96A621C222AE30F0008EAB59 /* Controller */ = {
			isa = PBXGroup;
			children = (
				96F7E34122AA4C5000C6F5A7 /* ViewController.swift */,
				968301C522AC159500FC8B72 /* ScoreBoardViewController.swift */,
				96A621C422AE37FD008EAB59 /* FirstViewController.swift */,
			);
			path = Controller;
			sourceTree = "<group>";
		};
		96A621C322AE3106008EAB59 /* View */ = {
			isa = PBXGroup;
			children = (
				96F7E38822ABB5AC00C6F5A7 /* ScoreBoardTableViewCell.swift */,
			);
			path = View;
			sourceTree = "<group>";
		};
		96F7E33322AA4C5000C6F5A7 = {
			isa = PBXGroup;
			children = (
				96F7E33E22AA4C5000C6F5A7 /* ProjectNum1 */,
				96F7E35322AA4C5100C6F5A7 /* ProjectNum1Tests */,
				96F7E35E22AA4C5100C6F5A7 /* ProjectNum1UITests */,
				96F7E33D22AA4C5000C6F5A7 /* Products */,
			);
			sourceTree = "<group>";
		};
		96F7E33D22AA4C5000C6F5A7 /* Products */ = {
			isa = PBXGroup;
			children = (
				96F7E33C22AA4C5000C6F5A7 /* ProjectNum1.app */,
				96F7E35022AA4C5100C6F5A7 /* ProjectNum1Tests.xctest */,
				96F7E35B22AA4C5100C6F5A7 /* ProjectNum1UITests.xctest */,
			);
			name = Products;
			sourceTree = "<group>";
		};
		96F7E33E22AA4C5000C6F5A7 /* ProjectNum1 */ = {
			isa = PBXGroup;
			children = (
				96A621C322AE3106008EAB59 /* View */,
				96A621C222AE30F0008EAB59 /* Controller */,
				96F7E36D22AA4D3700C6F5A7 /* Model */,
				96F7E33F22AA4C5000C6F5A7 /* AppDelegate.swift */,
				96F7E34322AA4C5000C6F5A7 /* Main.storyboard */,
				96F7E34622AA4C5100C6F5A7 /* Assets.xcassets */,
				96F7E34822AA4C5100C6F5A7 /* LaunchScreen.storyboard */,
				96F7E34B22AA4C5100C6F5A7 /* Info.plist */,
			);
			path = ProjectNum1;
			sourceTree = "<group>";
		};
		96F7E35322AA4C5100C6F5A7 /* ProjectNum1Tests */ = {
			isa = PBXGroup;
			children = (
				96F7E35422AA4C5100C6F5A7 /* ProjectNum1Tests.swift */,
				96F7E35622AA4C5100C6F5A7 /* Info.plist */,
			);
			path = ProjectNum1Tests;
			sourceTree = "<group>";
		};
		96F7E35E22AA4C5100C6F5A7 /* ProjectNum1UITests */ = {
			isa = PBXGroup;
			children = (
				96F7E35F22AA4C5100C6F5A7 /* ProjectNum1UITests.swift */,
				96F7E36122AA4C5100C6F5A7 /* Info.plist */,
			);
			path = ProjectNum1UITests;
			sourceTree = "<group>";
		};
		96F7E36D22AA4D3700C6F5A7 /* Model */ = {
			isa = PBXGroup;
			children = (
				96F7E36E22AA4D4600C6F5A7 /* Question.swift */,
				96F7E37022AA4D5700C6F5A7 /* QuestionList.swift */,
				96F7E37C22ABA5BC00C6F5A7 /* Player.swift */,
			);
			path = Model;
			sourceTree = "<group>";
		};
/* End PBXGroup section */

/* Begin PBXNativeTarget section */
		96F7E33B22AA4C5000C6F5A7 /* ProjectNum1 */ = {
			isa = PBXNativeTarget;
			buildConfigurationList = 96F7E36422AA4C5100C6F5A7 /* Build configuration list for PBXNativeTarget "ProjectNum1" */;
			buildPhases = (
				96F7E33822AA4C5000C6F5A7 /* Sources */,
				96F7E33922AA4C5000C6F5A7 /* Frameworks */,
				96F7E33A22AA4C5000C6F5A7 /* Resources */,
			);
			buildRules = (
			);
			dependencies = (
			);
			name = ProjectNum1;
			productName = ProjectNum1;
			productReference = 96F7E33C22AA4C5000C6F5A7 /* ProjectNum1.app */;
			productType = "com.apple.product-type.application";
		};
		96F7E34F22AA4C5100C6F5A7 /* ProjectNum1Tests */ = {
			isa = PBXNativeTarget;
			buildConfigurationList = 96F7E36722AA4C5100C6F5A7 /* Build configuration list for PBXNativeTarget "ProjectNum1Tests" */;
			buildPhases = (
				96F7E34C22AA4C5100C6F5A7 /* Sources */,
				96F7E34D22AA4C5100C6F5A7 /* Frameworks */,
				96F7E34E22AA4C5100C6F5A7 /* Resources */,
			);
			buildRules = (
			);
			dependencies = (
				96F7E35222AA4C5100C6F5A7 /* PBXTargetDependency */,
			);
			name = ProjectNum1Tests;
			productName = ProjectNum1Tests;
			productReference = 96F7E35022AA4C5100C6F5A7 /* ProjectNum1Tests.xctest */;
			productType = "com.apple.product-type.bundle.unit-test";
		};
		96F7E35A22AA4C5100C6F5A7 /* ProjectNum1UITests */ = {
			isa = PBXNativeTarget;
			buildConfigurationList = 96F7E36A22AA4C5100C6F5A7 /* Build configuration list for PBXNativeTarget "ProjectNum1UITests" */;
			buildPhases = (
				96F7E35722AA4C5100C6F5A7 /* Sources */,
				96F7E35822AA4C5100C6F5A7 /* Frameworks */,
				96F7E35922AA4C5100C6F5A7 /* Resources */,
			);
			buildRules = (
			);
			dependencies = (
				96F7E35D22AA4C5100C6F5A7 /* PBXTargetDependency */,
			);
			name = ProjectNum1UITests;
			productName = ProjectNum1UITests;
			productReference = 96F7E35B22AA4C5100C6F5A7 /* ProjectNum1UITests.xctest */;
			productType = "com.apple.product-type.bundle.ui-testing";
		};
/* End PBXNativeTarget section */

/* Begin PBXProject section */
		96F7E33422AA4C5000C6F5A7 /* Project object */ = {
			isa = PBXProject;
			attributes = {
				LastSwiftUpdateCheck = 1020;
				LastUpgradeCheck = 1020;
				ORGANIZATIONNAME = "Нұржан Дауленканов";
				TargetAttributes = {
					96F7E33B22AA4C5000C6F5A7 = {
						CreatedOnToolsVersion = 10.2.1;
					};
					96F7E34F22AA4C5100C6F5A7 = {
						CreatedOnToolsVersion = 10.2.1;
						TestTargetID = 96F7E33B22AA4C5000C6F5A7;
					};
					96F7E35A22AA4C5100C6F5A7 = {
						CreatedOnToolsVersion = 10.2.1;
						TestTargetID = 96F7E33B22AA4C5000C6F5A7;
					};
				};
			};
			buildConfigurationList = 96F7E33722AA4C5000C6F5A7 /* Build configuration list for PBXProject "ProjectNum1" */;
			compatibilityVersion = "Xcode 9.3";
			developmentRegion = en;
			hasScannedForEncodings = 0;
			knownRegions = (
				en,
				Base,
			);
			mainGroup = 96F7E33322AA4C5000C6F5A7;
			productRefGroup = 96F7E33D22AA4C5000C6F5A7 /* Products */;
			projectDirPath = "";
			projectRoot = "";
			targets = (
				96F7E33B22AA4C5000C6F5A7 /* ProjectNum1 */,
				96F7E34F22AA4C5100C6F5A7 /* ProjectNum1Tests */,
				96F7E35A22AA4C5100C6F5A7 /* ProjectNum1UITests */,
			);
		};
/* End PBXProject section */

/* Begin PBXResourcesBuildPhase section */
		96F7E33A22AA4C5000C6F5A7 /* Resources */ = {
			isa = PBXResourcesBuildPhase;
			buildActionMask = 2147483647;
			files = (
				96F7E34A22AA4C5100C6F5A7 /* LaunchScreen.storyboard in Resources */,
				96F7E34722AA4C5100C6F5A7 /* Assets.xcassets in Resources */,
				96F7E34522AA4C5000C6F5A7 /* Main.storyboard in Resources */,
			);
			runOnlyForDeploymentPostprocessing = 0;
		};
		96F7E34E22AA4C5100C6F5A7 /* Resources */ = {
			isa = PBXResourcesBuildPhase;
			buildActionMask = 2147483647;
			files = (
			);
			runOnlyForDeploymentPostprocessing = 0;
		};
		96F7E35922AA4C5100C6F5A7 /* Resources */ = {
			isa = PBXResourcesBuildPhase;
			buildActionMask = 2147483647;
			files = (
			);
			runOnlyForDeploymentPostprocessing = 0;
		};
/* End PBXResourcesBuildPhase section */

/* Begin PBXSourcesBuildPhase section */
		96F7E33822AA4C5000C6F5A7 /* Sources */ = {
			isa = PBXSourcesBuildPhase;
			buildActionMask = 2147483647;
			files = (
				96F7E36F22AA4D4600C6F5A7 /* Question.swift in Sources */,
				96F7E37122AA4D5700C6F5A7 /* QuestionList.swift in Sources */,
				96F7E34222AA4C5000C6F5A7 /* ViewController.swift in Sources */,
				96A621C522AE37FD008EAB59 /* FirstViewController.swift in Sources */,
				968301C622AC159500FC8B72 /* ScoreBoardViewController.swift in Sources */,
				96F7E37D22ABA5BC00C6F5A7 /* Player.swift in Sources */,
				96F7E34022AA4C5000C6F5A7 /* AppDelegate.swift in Sources */,
				96F7E38922ABB5AC00C6F5A7 /* ScoreBoardTableViewCell.swift in Sources */,
			);
			runOnlyForDeploymentPostprocessing = 0;
		};
		96F7E34C22AA4C5100C6F5A7 /* Sources */ = {
			isa = PBXSourcesBuildPhase;
			buildActionMask = 2147483647;
			files = (
				96F7E35522AA4C5100C6F5A7 /* ProjectNum1Tests.swift in Sources */,
			);
			runOnlyForDeploymentPostprocessing = 0;
		};
		96F7E35722AA4C5100C6F5A7 /* Sources */ = {
			isa = PBXSourcesBuildPhase;
			buildActionMask = 2147483647;
			files = (
				96F7E36022AA4C5100C6F5A7 /* ProjectNum1UITests.swift in Sources */,
			);
			runOnlyForDeploymentPostprocessing = 0;
		};
/* End PBXSourcesBuildPhase section */

/* Begin PBXTargetDependency section */
		96F7E35222AA4C5100C6F5A7 /* PBXTargetDependency */ = {
			isa = PBXTargetDependency;
			target = 96F7E33B22AA4C5000C6F5A7 /* ProjectNum1 */;
			targetProxy = 96F7E35122AA4C5100C6F5A7 /* PBXContainerItemProxy */;
		};
		96F7E35D22AA4C5100C6F5A7 /* PBXTargetDependency */ = {
			isa = PBXTargetDependency;
			target = 96F7E33B22AA4C5000C6F5A7 /* ProjectNum1 */;
			targetProxy = 96F7E35C22AA4C5100C6F5A7 /* PBXContainerItemProxy */;
		};
/* End PBXTargetDependency section */

/* Begin PBXVariantGroup section */
		96F7E34322AA4C5000C6F5A7 /* Main.storyboard */ = {
			isa = PBXVariantGroup;
			children = (
				96F7E34422AA4C5000C6F5A7 /* Base */,
			);
			name = Main.storyboard;
			sourceTree = "<group>";
		};
		96F7E34822AA4C5100C6F5A7 /* LaunchScreen.storyboard */ = {
			isa = PBXVariantGroup;
			children = (
				96F7E34922AA4C5100C6F5A7 /* Base */,
			);
			name = LaunchScreen.storyboard;
			sourceTree = "<group>";
		};
/* End PBXVariantGroup section */

/* Begin XCBuildConfiguration section */
		96F7E36222AA4C5100C6F5A7 /* Debug */ = {
			isa = XCBuildConfiguration;
			buildSettings = {
				ALWAYS_SEARCH_USER_PATHS = NO;
				CLANG_ANALYZER_NONNULL = YES;
				CLANG_ANALYZER_NUMBER_OBJECT_CONVERSION = YES_AGGRESSIVE;
				CLANG_CXX_LANGUAGE_STANDARD = "gnu++14";
				CLANG_CXX_LIBRARY = "libc++";
				CLANG_ENABLE_MODULES = YES;
				CLANG_ENABLE_OBJC_ARC = YES;
				CLANG_ENABLE_OBJC_WEAK = YES;
				CLANG_WARN_BLOCK_CAPTURE_AUTORELEASING = YES;
				CLANG_WARN_BOOL_CONVERSION = YES;
				CLANG_WARN_COMMA = YES;
				CLANG_WARN_CONSTANT_CONVERSION = YES;
				CLANG_WARN_DEPRECATED_OBJC_IMPLEMENTATIONS = YES;
				CLANG_WARN_DIRECT_OBJC_ISA_USAGE = YES_ERROR;
				CLANG_WARN_DOCUMENTATION_COMMENTS = YES;
				CLANG_WARN_EMPTY_BODY = YES;
				CLANG_WARN_ENUM_CONVERSION = YES;
				CLANG_WARN_INFINITE_RECURSION = YES;
				CLANG_WARN_INT_CONVERSION = YES;
				CLANG_WARN_NON_LITERAL_NULL_CONVERSION = YES;
				CLANG_WARN_OBJC_IMPLICIT_RETAIN_SELF = YES;
				CLANG_WARN_OBJC_LITERAL_CONVERSION = YES;
				CLANG_WARN_OBJC_ROOT_CLASS = YES_ERROR;
				CLANG_WARN_RANGE_LOOP_ANALYSIS = YES;
				CLANG_WARN_STRICT_PROTOTYPES = YES;
				CLANG_WARN_SUSPICIOUS_MOVE = YES;
				CLANG_WARN_UNGUARDED_AVAILABILITY = YES_AGGRESSIVE;
				CLANG_WARN_UNREACHABLE_CODE = YES;
				CLANG_WARN__DUPLICATE_METHOD_MATCH = YES;
				CODE_SIGN_IDENTITY = "iPhone Developer";
				COPY_PHASE_STRIP = NO;
				DEBUG_INFORMATION_FORMAT = dwarf;
				ENABLE_STRICT_OBJC_MSGSEND = YES;
				ENABLE_TESTABILITY = YES;
				GCC_C_LANGUAGE_STANDARD = gnu11;
				GCC_DYNAMIC_NO_PIC = NO;
				GCC_NO_COMMON_BLOCKS = YES;
				GCC_OPTIMIZATION_LEVEL = 0;
				GCC_PREPROCESSOR_DEFINITIONS = (
					"DEBUG=1",
					"$(inherited)",
				);
				GCC_WARN_64_TO_32_BIT_CONVERSION = YES;
				GCC_WARN_ABOUT_RETURN_TYPE = YES_ERROR;
				GCC_WARN_UNDECLARED_SELECTOR = YES;
				GCC_WARN_UNINITIALIZED_AUTOS = YES_AGGRESSIVE;
				GCC_WARN_UNUSED_FUNCTION = YES;
				GCC_WARN_UNUSED_VARIABLE = YES;
				IPHONEOS_DEPLOYMENT_TARGET = 12.2;
				MTL_ENABLE_DEBUG_INFO = INCLUDE_SOURCE;
				MTL_FAST_MATH = YES;
				ONLY_ACTIVE_ARCH = YES;
				SDKROOT = iphoneos;
				SWIFT_ACTIVE_COMPILATION_CONDITIONS = DEBUG;
				SWIFT_OPTIMIZATION_LEVEL = "-Onone";
			};
			name = Debug;
		};
		96F7E36322AA4C5100C6F5A7 /* Release */ = {
			isa = XCBuildConfiguration;
			buildSettings = {
				ALWAYS_SEARCH_USER_PATHS = NO;
				CLANG_ANALYZER_NONNULL = YES;
				CLANG_ANALYZER_NUMBER_OBJECT_CONVERSION = YES_AGGRESSIVE;
				CLANG_CXX_LANGUAGE_STANDARD = "gnu++14";
				CLANG_CXX_LIBRARY = "libc++";
				CLANG_ENABLE_MODULES = YES;
				CLANG_ENABLE_OBJC_ARC = YES;
				CLANG_ENABLE_OBJC_WEAK = YES;
				CLANG_WARN_BLOCK_CAPTURE_AUTORELEASING = YES;
				CLANG_WARN_BOOL_CONVERSION = YES;
				CLANG_WARN_COMMA = YES;
				CLANG_WARN_CONSTANT_CONVERSION = YES;
				CLANG_WARN_DEPRECATED_OBJC_IMPLEMENTATIONS = YES;
				CLANG_WARN_DIRECT_OBJC_ISA_USAGE = YES_ERROR;
				CLANG_WARN_DOCUMENTATION_COMMENTS = YES;
				CLANG_WARN_EMPTY_BODY = YES;
				CLANG_WARN_ENUM_CONVERSION = YES;
				CLANG_WARN_INFINITE_RECURSION = YES;
				CLANG_WARN_INT_CONVERSION = YES;
				CLANG_WARN_NON_LITERAL_NULL_CONVERSION = YES;
				CLANG_WARN_OBJC_IMPLICIT_RETAIN_SELF = YES;
				CLANG_WARN_OBJC_LITERAL_CONVERSION = YES;
				CLANG_WARN_OBJC_ROOT_CLASS = YES_ERROR;
				CLANG_WARN_RANGE_LOOP_ANALYSIS = YES;
				CLANG_WARN_STRICT_PROTOTYPES = YES;
				CLANG_WARN_SUSPICIOUS_MOVE = YES;
				CLANG_WARN_UNGUARDED_AVAILABILITY = YES_AGGRESSIVE;
				CLANG_WARN_UNREACHABLE_CODE = YES;
				CLANG_WARN__DUPLICATE_METHOD_MATCH = YES;
				CODE_SIGN_IDENTITY = "iPhone Developer";
				COPY_PHASE_STRIP = NO;
				DEBUG_INFORMATION_FORMAT = "dwarf-with-dsym";
				ENABLE_NS_ASSERTIONS = NO;
				ENABLE_STRICT_OBJC_MSGSEND = YES;
				GCC_C_LANGUAGE_STANDARD = gnu11;
				GCC_NO_COMMON_BLOCKS = YES;
				GCC_WARN_64_TO_32_BIT_CONVERSION = YES;
				GCC_WARN_ABOUT_RETURN_TYPE = YES_ERROR;
				GCC_WARN_UNDECLARED_SELECTOR = YES;
				GCC_WARN_UNINITIALIZED_AUTOS = YES_AGGRESSIVE;
				GCC_WARN_UNUSED_FUNCTION = YES;
				GCC_WARN_UNUSED_VARIABLE = YES;
				IPHONEOS_DEPLOYMENT_TARGET = 12.2;
				MTL_ENABLE_DEBUG_INFO = NO;
				MTL_FAST_MATH = YES;
				SDKROOT = iphoneos;
				SWIFT_COMPILATION_MODE = wholemodule;
				SWIFT_OPTIMIZATION_LEVEL = "-O";
				VALIDATE_PRODUCT = YES;
			};
			name = Release;
		};
		96F7E36522AA4C5100C6F5A7 /* Debug */ = {
			isa = XCBuildConfiguration;
			buildSettings = {
				ASSETCATALOG_COMPILER_APPICON_NAME = AppIcon;
				CODE_SIGN_STYLE = Automatic;
				DEVELOPMENT_TEAM = GQBD89C75M;
				INFOPLIST_FILE = ProjectNum1/Info.plist;
				LD_RUNPATH_SEARCH_PATHS = (
					"$(inherited)",
					"@executable_path/Frameworks",
				);
				PRODUCT_BUNDLE_IDENTIFIER = "-.ProjectNum1";
				PRODUCT_NAME = "$(TARGET_NAME)";
				SWIFT_VERSION = 5.0;
				TARGETED_DEVICE_FAMILY = "1,2";
			};
			name = Debug;
		};
		96F7E36622AA4C5100C6F5A7 /* Release */ = {
			isa = XCBuildConfiguration;
			buildSettings = {
				ASSETCATALOG_COMPILER_APPICON_NAME = AppIcon;
				CODE_SIGN_STYLE = Automatic;
				DEVELOPMENT_TEAM = GQBD89C75M;
				INFOPLIST_FILE = ProjectNum1/Info.plist;
				LD_RUNPATH_SEARCH_PATHS = (
					"$(inherited)",
					"@executable_path/Frameworks",
				);
				PRODUCT_BUNDLE_IDENTIFIER = "-.ProjectNum1";
				PRODUCT_NAME = "$(TARGET_NAME)";
				SWIFT_VERSION = 5.0;
				TARGETED_DEVICE_FAMILY = "1,2";
			};
			name = Release;
		};
		96F7E36822AA4C5100C6F5A7 /* Debug */ = {
			isa = XCBuildConfiguration;
			buildSettings = {
				ALWAYS_EMBED_SWIFT_STANDARD_LIBRARIES = YES;
				BUNDLE_LOADER = "$(TEST_HOST)";
				CODE_SIGN_STYLE = Automatic;
				DEVELOPMENT_TEAM = GQBD89C75M;
				INFOPLIST_FILE = ProjectNum1Tests/Info.plist;
				LD_RUNPATH_SEARCH_PATHS = (
					"$(inherited)",
					"@executable_path/Frameworks",
					"@loader_path/Frameworks",
				);
				PRODUCT_BUNDLE_IDENTIFIER = "-.ProjectNum1Tests";
				PRODUCT_NAME = "$(TARGET_NAME)";
				SWIFT_VERSION = 5.0;
				TARGETED_DEVICE_FAMILY = "1,2";
				TEST_HOST = "$(BUILT_PRODUCTS_DIR)/ProjectNum1.app/ProjectNum1";
			};
			name = Debug;
		};
		96F7E36922AA4C5100C6F5A7 /* Release */ = {
			isa = XCBuildConfiguration;
			buildSettings = {
				ALWAYS_EMBED_SWIFT_STANDARD_LIBRARIES = YES;
				BUNDLE_LOADER = "$(TEST_HOST)";
				CODE_SIGN_STYLE = Automatic;
				DEVELOPMENT_TEAM = GQBD89C75M;
				INFOPLIST_FILE = ProjectNum1Tests/Info.plist;
				LD_RUNPATH_SEARCH_PATHS = (
					"$(inherited)",
					"@executable_path/Frameworks",
					"@loader_path/Frameworks",
				);
				PRODUCT_BUNDLE_IDENTIFIER = "-.ProjectNum1Tests";
				PRODUCT_NAME = "$(TARGET_NAME)";
				SWIFT_VERSION = 5.0;
				TARGETED_DEVICE_FAMILY = "1,2";
				TEST_HOST = "$(BUILT_PRODUCTS_DIR)/ProjectNum1.app/ProjectNum1";
			};
			name = Release;
		};
		96F7E36B22AA4C5100C6F5A7 /* Debug */ = {
			isa = XCBuildConfiguration;
			buildSettings = {
				ALWAYS_EMBED_SWIFT_STANDARD_LIBRARIES = YES;
				CODE_SIGN_STYLE = Automatic;
				DEVELOPMENT_TEAM = GQBD89C75M;
				INFOPLIST_FILE = ProjectNum1UITests/Info.plist;
				LD_RUNPATH_SEARCH_PATHS = (
					"$(inherited)",
					"@executable_path/Frameworks",
					"@loader_path/Frameworks",
				);
				PRODUCT_BUNDLE_IDENTIFIER = "-.ProjectNum1UITests";
				PRODUCT_NAME = "$(TARGET_NAME)";
				SWIFT_VERSION = 5.0;
				TARGETED_DEVICE_FAMILY = "1,2";
				TEST_TARGET_NAME = ProjectNum1;
			};
			name = Debug;
		};
		96F7E36C22AA4C5100C6F5A7 /* Release */ = {
			isa = XCBuildConfiguration;
			buildSettings = {
				ALWAYS_EMBED_SWIFT_STANDARD_LIBRARIES = YES;
				CODE_SIGN_STYLE = Automatic;
				DEVELOPMENT_TEAM = GQBD89C75M;
				INFOPLIST_FILE = ProjectNum1UITests/Info.plist;
				LD_RUNPATH_SEARCH_PATHS = (
					"$(inherited)",
					"@executable_path/Frameworks",
					"@loader_path/Frameworks",
				);
				PRODUCT_BUNDLE_IDENTIFIER = "-.ProjectNum1UITests";
				PRODUCT_NAME = "$(TARGET_NAME)";
				SWIFT_VERSION = 5.0;
				TARGETED_DEVICE_FAMILY = "1,2";
				TEST_TARGET_NAME = ProjectNum1;
			};
			name = Release;
		};
/* End XCBuildConfiguration section */

/* Begin XCConfigurationList section */
		96F7E33722AA4C5000C6F5A7 /* Build configuration list for PBXProject "ProjectNum1" */ = {
			isa = XCConfigurationList;
			buildConfigurations = (
				96F7E36222AA4C5100C6F5A7 /* Debug */,
				96F7E36322AA4C5100C6F5A7 /* Release */,
			);
			defaultConfigurationIsVisible = 0;
			defaultConfigurationName = Release;
		};
		96F7E36422AA4C5100C6F5A7 /* Build configuration list for PBXNativeTarget "ProjectNum1" */ = {
			isa = XCConfigurationList;
			buildConfigurations = (
				96F7E36522AA4C5100C6F5A7 /* Debug */,
				96F7E36622AA4C5100C6F5A7 /* Release */,
			);
			defaultConfigurationIsVisible = 0;
			defaultConfigurationName = Release;
		};
		96F7E36722AA4C5100C6F5A7 /* Build configuration list for PBXNativeTarget "ProjectNum1Tests" */ = {
			isa = XCConfigurationList;
			buildConfigurations = (
				96F7E36822AA4C5100C6F5A7 /* Debug */,
				96F7E36922AA4C5100C6F5A7 /* Release */,
			);
			defaultConfigurationIsVisible = 0;
			defaultConfigurationName = Release;
		};
		96F7E36A22AA4C5100C6F5A7 /* Build configuration list for PBXNativeTarget "ProjectNum1UITests" */ = {
			isa = XCConfigurationList;
			buildConfigurations = (
				96F7E36B22AA4C5100C6F5A7 /* Debug */,
				96F7E36C22AA4C5100C6F5A7 /* Release */,
			);
			defaultConfigurationIsVisible = 0;
			defaultConfigurationName = Release;
		};
/* End XCConfigurationList section */
	};
	rootObject = 96F7E33422AA4C5000C6F5A7 /* Project object */;
}
